
Microsoft Visual Studio Solution File, Format Version 12.00
# Visual Studio Version 16
VisualStudioVersion = 16.0.31025.194
MinimumVisualStudioVersion = 10.0.40219.1
Project("{FAE04EC0-301F-11D3-BF4B-00C04F79EFBC}") = "Gamesis5000.Android", "Gamesis5000.Android\Gamesis5000.Android.csproj", "{2004C171-83F1-4A3E-B373-8B6BEA8D70B4}"
EndProject
Project("{FAE04EC0-301F-11D3-BF4B-00C04F79EFBC}") = "Gamesis5000.iOS", "Gamesis5000.iOS\Gamesis5000.iOS.csproj", "{D1D0FCE5-B8CC-4CDF-918A-680D56D3E780}"
EndProject
Project("{9A19103F-16F7-4668-BE54-9A1E7A4F7556}") = "Gamesis5000", "Gamesis5000\Gamesis5000.csproj", "{81C8CD15-2DF3-46E6-A3BF-7CD1F7EF46C6}"
EndProject
Project("{FAE04EC0-301F-11D3-BF4B-00C04F79EFBC}") = "TestBench", "TestBench\TestBench.csproj", "{15DA7A10-98A4-4E90-83B9-0B96D7CB1EF1}"
EndProject
Global
	GlobalSection(SolutionConfigurationPlatforms) = preSolution
		Debug|Any CPU = Debug|Any CPU
		Debug|iPhone = Debug|iPhone
		Debug|iPhoneSimulator = Debug|iPhoneSimulator
		Release|Any CPU = Release|Any CPU
		Release|iPhone = Release|iPhone
		Release|iPhoneSimulator = Release|iPhoneSimulator
	EndGlobalSection
	GlobalSection(ProjectConfigurationPlatforms) = postSolution
		{2004C171-83F1-4A3E-B373-8B6BEA8D70B4}.Debug|Any CPU.ActiveCfg = Debug|Any CPU
		{2004C171-83F1-4A3E-B373-8B6BEA8D70B4}.Debug|Any CPU.Build.0 = Debug|Any CPU
		{2004C171-83F1-4A3E-B373-8B6BEA8D70B4}.Debug|Any CPU.Deploy.0 = Debug|Any CPU
		{2004C171-83F1-4A3E-B373-8B6BEA8D70B4}.Debug|iPhone.ActiveCfg = Debug|Any CPU
		{2004C171-83F1-4A3E-B373-8B6BEA8D70B4}.Debug|iPhone.Build.0 = Debug|Any CPU
		{2004C171-83F1-4A3E-B373-8B6BEA8D70B4}.Debug|iPhone.Deploy.0 = Debug|Any CPU
		{2004C171-83F1-4A3E-B373-8B6BEA8D70B4}.Debug|iPhoneSimulator.ActiveCfg = Debug|Any CPU
		{2004C171-83F1-4A3E-B373-8B6BEA8D70B4}.Debug|iPhoneSimulator.Build.0 = Debug|Any CPU
		{2004C171-83F1-4A3E-B373-8B6BEA8D70B4}.Debug|iPhoneSimulator.Deploy.0 = Debug|Any CPU
		{2004C171-83F1-4A3E-B373-8B6BEA8D70B4}.Release|Any CPU.ActiveCfg = Release|Any CPU
		{2004C171-83F1-4A3E-B373-8B6BEA8D70B4}.Release|Any CPU.Build.0 = Release|Any CPU
		{2004C171-83F1-4A3E-B373-8B6BEA8D70B4}.Release|Any CPU.Deploy.0 = Release|Any CPU
		{2004C171-83F1-4A3E-B373-8B6BEA8D70B4}.Release|iPhone.ActiveCfg = Release|Any CPU
		{2004C171-83F1-4A3E-B373-8B6BEA8D70B4}.Release|iPhone.Build.0 = Release|Any CPU
		{2004C171-83F1-4A3E-B373-8B6BEA8D70B4}.Release|iPhone.Deploy.0 = Release|Any CPU
		{2004C171-83F1-4A3E-B373-8B6BEA8D70B4}.Release|iPhoneSimulator.ActiveCfg = Release|Any CPU
		{2004C171-83F1-4A3E-B373-8B6BEA8D70B4}.Release|iPhoneSimulator.Build.0 = Release|Any CPU
		{2004C171-83F1-4A3E-B373-8B6BEA8D70B4}.Release|iPhoneSimulator.Deploy.0 = Release|Any CPU
		{D1D0FCE5-B8CC-4CDF-918A-680D56D3E780}.Debug|Any CPU.ActiveCfg = Debug|iPhone
		{D1D0FCE5-B8CC-4CDF-918A-680D56D3E780}.Debug|Any CPU.Build.0 = Debug|iPhone
		{D1D0FCE5-B8CC-4CDF-918A-680D56D3E780}.Debug|Any CPU.Deploy.0 = Debug|iPhone
		{D1D0FCE5-B8CC-4CDF-918A-680D56D3E780}.Debug|iPhone.ActiveCfg = Debug|iPhone
		{D1D0FCE5-B8CC-4CDF-918A-680D56D3E780}.Debug|iPhone.Build.0 = Debug|iPhone
		{D1D0FCE5-B8CC-4CDF-918A-680D56D3E780}.Debug|iPhone.Deploy.0 = Debug|iPhone
		{D1D0FCE5-B8CC-4CDF-918A-680D56D3E780}.Debug|iPhoneSimulator.ActiveCfg = Debug|iPhoneSimulator
		{D1D0FCE5-B8CC-4CDF-918A-680D56D3E780}.Debug|iPhoneSimulator.Build.0 = Debug|iPhoneSimulator
		{D1D0FCE5-B8CC-4CDF-918A-680D56D3E780}.Debug|iPhoneSimulator.Deploy.0 = Debug|iPhoneSimulator
		{D1D0FCE5-B8CC-4CDF-918A-680D56D3E780}.Release|Any CPU.ActiveCfg = Release|iPhoneSimulator
		{D1D0FCE5-B8CC-4CDF-918A-680D56D3E780}.Release|Any CPU.Build.0 = Release|iPhoneSimulator
		{D1D0FCE5-B8CC-4CDF-918A-680D56D3E780}.Release|Any CPU.Deploy.0 = Release|iPhoneSimulator
		{D1D0FCE5-B8CC-4CDF-918A-680D56D3E780}.Release|iPhone.ActiveCfg = Release|iPhone
		{D1D0FCE5-B8CC-4CDF-918A-680D56D3E780}.Release|iPhone.Build.0 = Release|iPhone
		{D1D0FCE5-B8CC-4CDF-918A-680D56D3E780}.Release|iPhone.Deploy.0 = Release|iPhone
		{D1D0FCE5-B8CC-4CDF-918A-680D56D3E780}.Release|iPhoneSimulator.ActiveCfg = Release|iPhoneSimulator
		{D1D0FCE5-B8CC-4CDF-918A-680D56D3E780}.Release|iPhoneSimulator.Build.0 = Release|iPhoneSimulator
		{D1D0FCE5-B8CC-4CDF-918A-680D56D3E780}.Release|iPhoneSimulator.Deploy.0 = Release|iPhoneSimulator
		{81C8CD15-2DF3-46E6-A3BF-7CD1F7EF46C6}.Debug|Any CPU.ActiveCfg = Debug|Any CPU
		{81C8CD15-2DF3-46E6-A3BF-7CD1F7EF46C6}.Debug|Any CPU.Build.0 = Debug|Any CPU
		{81C8CD15-2DF3-46E6-A3BF-7CD1F7EF46C6}.Debug|Any CPU.Deploy.0 = Debug|Any CPU
		{81C8CD15-2DF3-46E6-A3BF-7CD1F7EF46C6}.Debug|iPhone.ActiveCfg = Debug|Any CPU
		{81C8CD15-2DF3-46E6-A3BF-7CD1F7EF46C6}.Debug|iPhone.Build.0 = Debug|Any CPU
		{81C8CD15-2DF3-46E6-A3BF-7CD1F7EF46C6}.Debug|iPhone.Deploy.0 = Debug|Any CPU
		{81C8CD15-2DF3-46E6-A3BF-7CD1F7EF46C6}.Debug|iPhoneSimulator.ActiveCfg = Debug|Any CPU
		{81C8CD15-2DF3-46E6-A3BF-7CD1F7EF46C6}.Debug|iPhoneSimulator.Build.0 = Debug|Any CPU
		{81C8CD15-2DF3-46E6-A3BF-7CD1F7EF46C6}.Debug|iPhoneSimulator.Deploy.0 = Debug|Any CPU
		{81C8CD15-2DF3-46E6-A3BF-7CD1F7EF46C6}.Release|Any CPU.ActiveCfg = Release|Any CPU
		{81C8CD15-2DF3-46E6-A3BF-7CD1F7EF46C6}.Release|Any CPU.Build.0 = Release|Any CPU
		{81C8CD15-2DF3-46E6-A3BF-7CD1F7EF46C6}.Release|Any CPU.Deploy.0 = Release|Any CPU
		{81C8CD15-2DF3-46E6-A3BF-7CD1F7EF46C6}.Release|iPhone.ActiveCfg = Release|Any CPU
		{81C8CD15-2DF3-46E6-A3BF-7CD1F7EF46C6}.Release|iPhone.Build.0 = Release|Any CPU
		{81C8CD15-2DF3-46E6-A3BF-7CD1F7EF46C6}.Release|iPhone.Deploy.0 = Release|Any CPU
		{81C8CD15-2DF3-46E6-A3BF-7CD1F7EF46C6}.Release|iPhoneSimulator.ActiveCfg = Release|Any CPU
		{81C8CD15-2DF3-46E6-A3BF-7CD1F7EF46C6}.Release|iPhoneSimulator.Build.0 = Release|Any CPU
		{81C8CD15-2DF3-46E6-A3BF-7CD1F7EF46C6}.Release|iPhoneSimulator.Deploy.0 = Release|Any CPU
		{15DA7A10-98A4-4E90-83B9-0B96D7CB1EF1}.Debug|Any CPU.ActiveCfg = Debug|Any CPU
		{15DA7A10-98A4-4E90-83B9-0B96D7CB1EF1}.Debug|Any CPU.Build.0 = Debug|Any CPU
		{15DA7A10-98A4-4E90-83B9-0B96D7CB1EF1}.Debug|iPhone.ActiveCfg = Debug|Any CPU
		{15DA7A10-98A4-4E90-83B9-0B96D7CB1EF1}.Debug|iPhone.Build.0 = Debug|Any CPU
		{15DA7A10-98A4-4E90-83B9-0B96D7CB1EF1}.Debug|iPhoneSimulator.ActiveCfg = Debug|Any CPU
		{15DA7A10-98A4-4E90-83B9-0B96D7CB1EF1}.Debug|iPhoneSimulator.Build.0 = Debug|Any CPU
		{15DA7A10-98A4-4E90-83B9-0B96D7CB1EF1}.Release|Any CPU.ActiveCfg = Release|Any CPU
		{15DA7A10-98A4-4E90-83B9-0B96D7CB1EF1}.Release|Any CPU.Build.0 = Release|Any CPU
		{15DA7A10-98A4-4E90-83B9-0B96D7CB1EF1}.Release|iPhone.ActiveCfg = Release|Any CPU
		{15DA7A10-98A4-4E90-83B9-0B96D7CB1EF1}.Release|iPhone.Build.0 = Release|Any CPU
		{15DA7A10-98A4-4E90-83B9-0B96D7CB1EF1}.Release|iPhoneSimulator.ActiveCfg = Release|Any CPU
		{15DA7A10-98A4-4E90-83B9-0B96D7CB1EF1}.Release|iPhoneSimulator.Build.0 = Release|Any CPU
	EndGlobalSection
	GlobalSection(SolutionProperties) = preSolution
		HideSolutionNode = FALSE
	EndGlobalSection
	GlobalSection(ExtensibilityGlobals) = postSolution
		SolutionGuid = {8266A748-64C1-43B6-8B91-C9C3FBF22DEE}
	EndGlobalSection
EndGlobal
